
Microsoft Visual Studio Solution File, Format Version 12.00
# Visual Studio 2012
Project("{FAE04EC0-301F-11D3-BF4B-00C04F79EFBC}") = "CourseraAlgorithms", "CourseraAlgorithms\CourseraAlgorithms.csproj", "{38D0E4EB-D199-4F70-85A2-109FD4ADFBA2}"
EndProject
Global
	GlobalSection(SolutionConfigurationPlatforms) = preSolution
		Debug|Any CPU = Debug|Any CPU
		Release|Any CPU = Release|Any CPU
	EndGlobalSection
	GlobalSection(ProjectConfigurationPlatforms) = postSolution
		{38D0E4EB-D199-4F70-85A2-109FD4ADFBA2}.Debug|Any CPU.ActiveCfg = Debug|Any CPU
		{38D0E4EB-D199-4F70-85A2-109FD4ADFBA2}.Debug|Any CPU.Build.0 = Debug|Any CPU
		{38D0E4EB-D199-4F70-85A2-109FD4ADFBA2}.Release|Any CPU.ActiveCfg = Release|Any CPU
		{38D0E4EB-D199-4F70-85A2-109FD4ADFBA2}.Release|Any CPU.Build.0 = Release|Any CPU
	EndGlobalSection
EndGlobal
